
Microsoft Visual Studio Solution File, Format Version 12.00
# Visual Studio 15
VisualStudioVersion = 15.0.28307.329
MinimumVisualStudioVersion = 10.0.40219.1
Project("{9A19103F-16F7-4668-BE54-9A1E7A4F7556}") = "PhoneBook", "PhoneBook\PhoneBook.csproj", "{66A600E6-E7D0-4C11-A96C-120BC6E653E2}"
EndProject
Project("{2150E333-8FDC-42A3-9474-1A3956D46DE8}") = "DataAccess", "DataAccess", "{B6D157AC-9BE8-427F-9F4D-151E624E6AC5}"
EndProject
Project("{FAE04EC0-301F-11D3-BF4B-00C04F79EFBC}") = "PhoneBook.Domains", "PhoneBook.Domains\PhoneBook.Domains.csproj", "{AA118AC1-2BE0-4843-AF57-543CF5A48994}"
EndProject
Project("{FAE04EC0-301F-11D3-BF4B-00C04F79EFBC}") = "PhoneBook.Contracts", "PhoneBook.Contracts\PhoneBook.Contracts.csproj", "{3EB1D1AA-D1EC-44FA-9386-EF130D33E630}"
EndProject
Project("{FAE04EC0-301F-11D3-BF4B-00C04F79EFBC}") = "PhoneBook.Repositories", "PhoneBook.Repositories\PhoneBook.Repositories.csproj", "{FEBBD48F-7F62-4F4E-94F3-BA19C79D8F00}"
EndProject
Project("{FAE04EC0-301F-11D3-BF4B-00C04F79EFBC}") = "PhoneBook.BusinessLogic", "PhoneBook.BusinessLogic\PhoneBook.BusinessLogic.csproj", "{985EE0D4-F9DF-4586-97B2-9AA1313D6837}"
EndProject
Global
	GlobalSection(SolutionConfigurationPlatforms) = preSolution
		Debug|Any CPU = Debug|Any CPU
		Release|Any CPU = Release|Any CPU
	EndGlobalSection
	GlobalSection(ProjectConfigurationPlatforms) = postSolution
		{66A600E6-E7D0-4C11-A96C-120BC6E653E2}.Debug|Any CPU.ActiveCfg = Debug|Any CPU
		{66A600E6-E7D0-4C11-A96C-120BC6E653E2}.Debug|Any CPU.Build.0 = Debug|Any CPU
		{66A600E6-E7D0-4C11-A96C-120BC6E653E2}.Release|Any CPU.ActiveCfg = Release|Any CPU
		{66A600E6-E7D0-4C11-A96C-120BC6E653E2}.Release|Any CPU.Build.0 = Release|Any CPU
		{AA118AC1-2BE0-4843-AF57-543CF5A48994}.Debug|Any CPU.ActiveCfg = Debug|Any CPU
		{AA118AC1-2BE0-4843-AF57-543CF5A48994}.Debug|Any CPU.Build.0 = Debug|Any CPU
		{AA118AC1-2BE0-4843-AF57-543CF5A48994}.Release|Any CPU.ActiveCfg = Release|Any CPU
		{AA118AC1-2BE0-4843-AF57-543CF5A48994}.Release|Any CPU.Build.0 = Release|Any CPU
		{3EB1D1AA-D1EC-44FA-9386-EF130D33E630}.Debug|Any CPU.ActiveCfg = Debug|Any CPU
		{3EB1D1AA-D1EC-44FA-9386-EF130D33E630}.Debug|Any CPU.Build.0 = Debug|Any CPU
		{3EB1D1AA-D1EC-44FA-9386-EF130D33E630}.Release|Any CPU.ActiveCfg = Release|Any CPU
		{3EB1D1AA-D1EC-44FA-9386-EF130D33E630}.Release|Any CPU.Build.0 = Release|Any CPU
		{FEBBD48F-7F62-4F4E-94F3-BA19C79D8F00}.Debug|Any CPU.ActiveCfg = Debug|Any CPU
		{FEBBD48F-7F62-4F4E-94F3-BA19C79D8F00}.Debug|Any CPU.Build.0 = Debug|Any CPU
		{FEBBD48F-7F62-4F4E-94F3-BA19C79D8F00}.Release|Any CPU.ActiveCfg = Release|Any CPU
		{FEBBD48F-7F62-4F4E-94F3-BA19C79D8F00}.Release|Any CPU.Build.0 = Release|Any CPU
		{985EE0D4-F9DF-4586-97B2-9AA1313D6837}.Debug|Any CPU.ActiveCfg = Debug|Any CPU
		{985EE0D4-F9DF-4586-97B2-9AA1313D6837}.Debug|Any CPU.Build.0 = Debug|Any CPU
		{985EE0D4-F9DF-4586-97B2-9AA1313D6837}.Release|Any CPU.ActiveCfg = Release|Any CPU
		{985EE0D4-F9DF-4586-97B2-9AA1313D6837}.Release|Any CPU.Build.0 = Release|Any CPU
	EndGlobalSection
	GlobalSection(SolutionProperties) = preSolution
		HideSolutionNode = FALSE
	EndGlobalSection
	GlobalSection(NestedProjects) = preSolution
		{AA118AC1-2BE0-4843-AF57-543CF5A48994} = {B6D157AC-9BE8-427F-9F4D-151E624E6AC5}
		{3EB1D1AA-D1EC-44FA-9386-EF130D33E630} = {B6D157AC-9BE8-427F-9F4D-151E624E6AC5}
		{FEBBD48F-7F62-4F4E-94F3-BA19C79D8F00} = {B6D157AC-9BE8-427F-9F4D-151E624E6AC5}
	EndGlobalSection
	GlobalSection(ExtensibilityGlobals) = postSolution
		SolutionGuid = {57A38E6C-3682-4D3B-9E28-BE424C257C46}
	EndGlobalSection
EndGlobal
